
Microsoft Visual Studio Solution File, Format Version 12.00
# Visual Studio Version 17
VisualStudioVersion = 17.2.32602.215
MinimumVisualStudioVersion = 10.0.40219.1
Project("{9A19103F-16F7-4668-BE54-9A1E7A4F7556}") = "CodeSnippet9", "CodeSnippet9.csproj", "{1943ACC2-0651-4B44-86AD-3C611D9FCFF5}"
EndProject
Global
	GlobalSection(SolutionConfigurationPlatforms) = preSolution
		Debug|Any CPU = Debug|Any CPU
		Release|Any CPU = Release|Any CPU
	EndGlobalSection
	GlobalSection(ProjectConfigurationPlatforms) = postSolution
		{1943ACC2-0651-4B44-86AD-3C611D9FCFF5}.Debug|Any CPU.ActiveCfg = Debug|Any CPU
		{1943ACC2-0651-4B44-86AD-3C611D9FCFF5}.Debug|Any CPU.Build.0 = Debug|Any CPU
		{1943ACC2-0651-4B44-86AD-3C611D9FCFF5}.Release|Any CPU.ActiveCfg = Release|Any CPU
		{1943ACC2-0651-4B44-86AD-3C611D9FCFF5}.Release|Any CPU.Build.0 = Release|Any CPU
	EndGlobalSection
	GlobalSection(SolutionProperties) = preSolution
		HideSolutionNode = FALSE
	EndGlobalSection
	GlobalSection(ExtensibilityGlobals) = postSolution
		SolutionGuid = {CBDA975B-DB3A-480D-9BED-C3308DB28302}
	EndGlobalSection
EndGlobal
