
Microsoft Visual Studio Solution File, Format Version 12.00
# Visual Studio Version 17
VisualStudioVersion = 17.2.32602.215
MinimumVisualStudioVersion = 10.0.40219.1
Project("{9A19103F-16F7-4668-BE54-9A1E7A4F7556}") = "CodeSnippet7", "CodeSnippet7.csproj", "{DB9918B2-7376-4626-A19A-92639CE55E62}"
EndProject
Global
	GlobalSection(SolutionConfigurationPlatforms) = preSolution
		Debug|Any CPU = Debug|Any CPU
		Release|Any CPU = Release|Any CPU
	EndGlobalSection
	GlobalSection(ProjectConfigurationPlatforms) = postSolution
		{DB9918B2-7376-4626-A19A-92639CE55E62}.Debug|Any CPU.ActiveCfg = Debug|Any CPU
		{DB9918B2-7376-4626-A19A-92639CE55E62}.Debug|Any CPU.Build.0 = Debug|Any CPU
		{DB9918B2-7376-4626-A19A-92639CE55E62}.Release|Any CPU.ActiveCfg = Release|Any CPU
		{DB9918B2-7376-4626-A19A-92639CE55E62}.Release|Any CPU.Build.0 = Release|Any CPU
	EndGlobalSection
	GlobalSection(SolutionProperties) = preSolution
		HideSolutionNode = FALSE
	EndGlobalSection
	GlobalSection(ExtensibilityGlobals) = postSolution
		SolutionGuid = {224932CA-E3DD-432C-95D0-8017BA5BB32F}
	EndGlobalSection
EndGlobal
