
Microsoft Visual Studio Solution File, Format Version 12.00
# Visual Studio Version 17
VisualStudioVersion = 17.2.32602.215
MinimumVisualStudioVersion = 10.0.40219.1
Project("{FAE04EC0-301F-11D3-BF4B-00C04F79EFBC}") = "CodeSnippet1", "CodeSnippet1\CodeSnippet1.csproj", "{8A8D8F40-A09F-49CE-8953-D380DF95D869}"
EndProject
Global
	GlobalSection(SolutionConfigurationPlatforms) = preSolution
		Debug|Any CPU = Debug|Any CPU
		Release|Any CPU = Release|Any CPU
	EndGlobalSection
	GlobalSection(ProjectConfigurationPlatforms) = postSolution
		{8A8D8F40-A09F-49CE-8953-D380DF95D869}.Debug|Any CPU.ActiveCfg = Debug|Any CPU
		{8A8D8F40-A09F-49CE-8953-D380DF95D869}.Debug|Any CPU.Build.0 = Debug|Any CPU
		{8A8D8F40-A09F-49CE-8953-D380DF95D869}.Release|Any CPU.ActiveCfg = Release|Any CPU
		{8A8D8F40-A09F-49CE-8953-D380DF95D869}.Release|Any CPU.Build.0 = Release|Any CPU
	EndGlobalSection
	GlobalSection(SolutionProperties) = preSolution
		HideSolutionNode = FALSE
	EndGlobalSection
	GlobalSection(ExtensibilityGlobals) = postSolution
		SolutionGuid = {FEA0B9F7-DF80-46D2-86A5-FC693177D55A}
	EndGlobalSection
EndGlobal
